{
  "requires": true,
  "lockfileVersion": 1,
  "dependencies": {
    "esbuild": {
      "version": "0.8.34",
      "resolved": "https://registry.npmjs.org/esbuild/-/esbuild-0.8.34.tgz",
      "integrity": "sha512-tnr0V1ooakYr1aRLXQLzCn2GVG1kBTW3FWpRyC+NgrR3ntsouVpJOlTOV0BS4YLATx3/c+x3h/uBq9lWJlUAtQ=="
    }
  }
}
